// !$*UTF8*$!
{
	archiveVersion = 1;
	classes = {
	};
	objectVersion = 46;
	objects = {

/* Begin PBXBuildFile section */
		6DCFBC011C05AA0D008B1EC0 /* main.m in Sources */ = {isa = PBXBuildFile; fileRef = 6DCFBC001C05AA0D008B1EC0 /* main.m */; };
		6DCFBC041C05AA0D008B1EC0 /* AppDelegate.m in Sources */ = {isa = PBXBuildFile; fileRef = 6DCFBC031C05AA0D008B1EC0 /* AppDelegate.m */; };
		6DCFBC0A1C05AA0D008B1EC0 /* Main.storyboard in Resources */ = {isa = PBXBuildFile; fileRef = 6DCFBC081C05AA0D008B1EC0 /* Main.storyboard */; };
		6DCFBC0C1C05AA0D008B1EC0 /* Assets.xcassets in Resources */ = {isa = PBXBuildFile; fileRef = 6DCFBC0B1C05AA0D008B1EC0 /* Assets.xcassets */; };
		6DCFBC0F1C05AA0D008B1EC0 /* LaunchScreen.storyboard in Resources */ = {isa = PBXBuildFile; fileRef = 6DCFBC0D1C05AA0D008B1EC0 /* LaunchScreen.storyboard */; };
/* End PBXBuildFile section */

/* Begin PBXFileReference section */
		6DCFBBFC1C05AA0D008B1EC0 /* FondoPensione.app */ = {isa = PBXFileReference; explicitFileType = wrapper.application; includeInIndex = 0; path = FondoPensione.app; sourceTree = BUILT_PRODUCTS_DIR; };
		6DCFBC001C05AA0D008B1EC0 /* main.m */ = {isa = PBXFileReference; lastKnownFileType = sourcecode.c.objc; path = main.m; sourceTree = "<group>"; };
		6DCFBC021C05AA0D008B1EC0 /* AppDelegate.h */ = {isa = PBXFileReference; lastKnownFileType = sourcecode.c.h; path = AppDelegate.h; sourceTree = "<group>"; };
		6DCFBC031C05AA0D008B1EC0 /* AppDelegate.m */ = {isa = PBXFileReference; lastKnownFileType = sourcecode.c.objc; path = AppDelegate.m; sourceTree = "<group>"; };
		6DCFBC091C05AA0D008B1EC0 /* Base */ = {isa = PBXFileReference; lastKnownFileType = file.storyboard; name = Base; path = Base.lproj/Main.storyboard; sourceTree = "<group>"; };
		6DCFBC0B1C05AA0D008B1EC0 /* Assets.xcassets */ = {isa = PBXFileReference; lastKnownFileType = folder.assetcatalog; path = Assets.xcassets; sourceTree = "<group>"; };
		6DCFBC0E1C05AA0D008B1EC0 /* Base */ = {isa = PBXFileReference; lastKnownFileType = file.storyboard; name = Base; path = Base.lproj/LaunchScreen.storyboard; sourceTree = "<group>"; };
		6DCFBC101C05AA0D008B1EC0 /* Info.plist */ = {isa = PBXFileReference; lastKnownFileType = text.plist.xml; path = Info.plist; sourceTree = "<group>"; };
/* End PBXFileReference section */

/* Begin PBXFrameworksBuildPhase section */
		6DCFBBF91C05AA0D008B1EC0 /* Frameworks */ = {
			isa = PBXFrameworksBuildPhase;
			buildActionMask = 2147483647;
			files = (
			);
			runOnlyForDeploymentPostprocessing = 0;
		};
/* End PBXFrameworksBuildPhase section */

/* Begin PBXGroup section */
		6DCFBBF31C05AA0D008B1EC0 = {
			isa = PBXGroup;
			children = (
				6DCFBBFE1C05AA0D008B1EC0 /* FondoPensione */,
				6DCFBBFD1C05AA0D008B1EC0 /* Products */,
			);
			sourceTree = "<group>";
		};
		6DCFBBFD1C05AA0D008B1EC0 /* Products */ = {
			isa = PBXGroup;
			children = (
				6DCFBBFC1C05AA0D008B1EC0 /* FondoPensione.app */,
			);
			name = Products;
			sourceTree = "<group>";
		};
		6DCFBBFE1C05AA0D008B1EC0 /* FondoPensione */ = {
			isa = PBXGroup;
			children = (
				6DCFBC021C05AA0D008B1EC0 /* AppDelegate.h */,
				6DCFBC031C05AA0D008B1EC0 /* AppDelegate.m */,
				6DCFBC081C05AA0D008B1EC0 /* Main.storyboard */,
				6DCFBC0B1C05AA0D008B1EC0 /* Assets.xcassets */,
				6DCFBC0D1C05AA0D008B1EC0 /* LaunchScreen.storyboard */,
				6DCFBC101C05AA0D008B1EC0 /* Info.plist */,
				6DCFBBFF1C05AA0D008B1EC0 /* Supporting Files */,
			);
			path = FondoPensione;
			sourceTree = "<group>";
		};
		6DCFBBFF1C05AA0D008B1EC0 /* Supporting Files */ = {
			isa = PBXGroup;
			children = (
				6DCFBC001C05AA0D008B1EC0 /* main.m */,
			);
			name = "Supporting Files";
			sourceTree = "<group>";
		};
/* End PBXGroup section */

/* Begin PBXNativeTarget section */
		6DCFBBFB1C05AA0D008B1EC0 /* FondoPensione */ = {
			isa = PBXNativeTarget;
			buildConfigurationList = 6DCFBC131C05AA0D008B1EC0 /* Build configuration list for PBXNativeTarget "FondoPensione" */;
			buildPhases = (
				6DCFBBF81C05AA0D008B1EC0 /* Sources */,
				6DCFBBF91C05AA0D008B1EC0 /* Frameworks */,
				6DCFBBFA1C05AA0D008B1EC0 /* Resources */,
			);
			buildRules = (
			);
			dependencies = (
			);
			name = FondoPensione;
			productName = FondoPensione;
			productReference = 6DCFBBFC1C05AA0D008B1EC0 /* FondoPensione.app */;
			productType = "com.apple.product-type.application";
		};
/* End PBXNativeTarget section */

/* Begin PBXProject section */
		6DCFBBF41C05AA0D008B1EC0 /* Project object */ = {
			isa = PBXProject;
			attributes = {
				LastUpgradeCheck = 0700;
				ORGANIZATIONNAME = ElpoEdizioni;
				TargetAttributes = {
					6DCFBBFB1C05AA0D008B1EC0 = {
						CreatedOnToolsVersion = 7.0.1;
					};
				};
			};
			buildConfigurationList = 6DCFBBF71C05AA0D008B1EC0 /* Build configuration list for PBXProject "FondoPensione" */;
			compatibilityVersion = "Xcode 3.2";
			developmentRegion = English;
			hasScannedForEncodings = 0;
			knownRegions = (
				en,
				Base,
			);
			mainGroup = 6DCFBBF31C05AA0D008B1EC0;
			productRefGroup = 6DCFBBFD1C05AA0D008B1EC0 /* Products */;
			projectDirPath = "";
			projectRoot = "";
			targets = (
				6DCFBBFB1C05AA0D008B1EC0 /* FondoPensione */,
			);
		};
/* End PBXProject section */

/* Begin PBXResourcesBuildPhase section */
		6DCFBBFA1C05AA0D008B1EC0 /* Resources */ = {
			isa = PBXResourcesBuildPhase;
			buildActionMask = 2147483647;
			files = (
				6DCFBC0F1C05AA0D008B1EC0 /* LaunchScreen.storyboard in Resources */,
				6DCFBC0C1C05AA0D008B1EC0 /* Assets.xcassets in Resources */,
				6DCFBC0A1C05AA0D008B1EC0 /* Main.storyboard in Resources */,
			);
			runOnlyForDeploymentPostprocessing = 0;
		};
/* End PBXResourcesBuildPhase section */

/* Begin PBXSourcesBuildPhase section */
		6DCFBBF81C05AA0D008B1EC0 /* Sources */ = {
			isa = PBXSourcesBuildPhase;
			buildActionMask = 2147483647;
			files = (
				6DCFBC041C05AA0D008B1EC0 /* AppDelegate.m in Sources */,
				6DCFBC011C05AA0D008B1EC0 /* main.m in Sources */,
			);
			runOnlyForDeploymentPostprocessing = 0;
		};
/* End PBXSourcesBuildPhase section */

/* Begin PBXVariantGroup section */
		6DCFBC081C05AA0D008B1EC0 /* Main.storyboard */ = {
			isa = PBXVariantGroup;
			children = (
				6DCFBC091C05AA0D008B1EC0 /* Base */,
			);
			name = Main.storyboard;
			sourceTree = "<group>";
		};
		6DCFBC0D1C05AA0D008B1EC0 /* LaunchScreen.storyboard */ = {
			isa = PBXVariantGroup;
			children = (
				6DCFBC0E1C05AA0D008B1EC0 /* Base */,
			);
			name = LaunchScreen.storyboard;
			sourceTree = "<group>";
		};
/* End PBXVariantGroup section */

/* Begin XCBuildConfiguration section */
		6DCFBC111C05AA0D008B1EC0 /* Debug */ = {
			isa = XCBuildConfiguration;
			buildSettings = {
				ALWAYS_SEARCH_USER_PATHS = NO;
				CLANG_CXX_LANGUAGE_STANDARD = "gnu++0x";
				CLANG_CXX_LIBRARY = "libc++";
				CLANG_ENABLE_MODULES = YES;
				CLANG_ENABLE_OBJC_ARC = YES;
				CLANG_WARN_BOOL_CONVERSION = YES;
				CLANG_WARN_CONSTANT_CONVERSION = YES;
				CLANG_WARN_DIRECT_OBJC_ISA_USAGE = YES_ERROR;
				CLANG_WARN_EMPTY_BODY = YES;
				CLANG_WARN_ENUM_CONVERSION = YES;
				CLANG_WARN_INT_CONVERSION = YES;
				CLANG_WARN_OBJC_ROOT_CLASS = YES_ERROR;
				CLANG_WARN_UNREACHABLE_CODE = YES;
				CLANG_WARN__DUPLICATE_METHOD_MATCH = YES;
				"CODE_SIGN_IDENTITY[sdk=iphoneos*]" = "iPhone Developer";
				COPY_PHASE_STRIP = NO;
				DEBUG_INFORMATION_FORMAT = dwarf;
				ENABLE_STRICT_OBJC_MSGSEND = YES;
				ENABLE_TESTABILITY = YES;
				GCC_C_LANGUAGE_STANDARD = gnu99;
				GCC_DYNAMIC_NO_PIC = NO;
				GCC_NO_COMMON_BLOCKS = YES;
				GCC_OPTIMIZATION_LEVEL = 0;
				GCC_PREPROCESSOR_DEFINITIONS = (
					"DEBUG=1",
					"$(inherited)",
				);
				GCC_WARN_64_TO_32_BIT_CONVERSION = YES;
				GCC_WARN_ABOUT_RETURN_TYPE = YES_ERROR;
				GCC_WARN_UNDECLARED_SELECTOR = YES;
				GCC_WARN_UNINITIALIZED_AUTOS = YES_AGGRESSIVE;
				GCC_WARN_UNUSED_FUNCTION = YES;
				GCC_WARN_UNUSED_VARIABLE = YES;
				IPHONEOS_DEPLOYMENT_TARGET = 9.0;
				MTL_ENABLE_DEBUG_INFO = YES;
				ONLY_ACTIVE_ARCH = YES;
				SDKROOT = iphoneos;
				TARGETED_DEVICE_FAMILY = "1,2";
			};
			name = Debug;
		};
		6DCFBC121C05AA0D008B1EC0 /* Release */ = {
			isa = XCBuildConfiguration;
			buildSettings = {
				ALWAYS_SEARCH_USER_PATHS = NO;
				CLANG_CXX_LANGUAGE_STANDARD = "gnu++0x";
				CLANG_CXX_LIBRARY = "libc++";
				CLANG_ENABLE_MODULES = YES;
				CLANG_ENABLE_OBJC_ARC = YES;
				CLANG_WARN_BOOL_CONVERSION = YES;
				CLANG_WARN_CONSTANT_CONVERSION = YES;
				CLANG_WARN_DIRECT_OBJC_ISA_USAGE = YES_ERROR;
				CLANG_WARN_EMPTY_BODY = YES;
				CLANG_WARN_ENUM_CONVERSION = YES;
				CLANG_WARN_INT_CONVERSION = YES;
				CLANG_WARN_OBJC_ROOT_CLASS = YES_ERROR;
				CLANG_WARN_UNREACHABLE_CODE = YES;
				CLANG_WARN__DUPLICATE_METHOD_MATCH = YES;
				"CODE_SIGN_IDENTITY[sdk=iphoneos*]" = "iPhone Developer";
				COPY_PHASE_STRIP = NO;
				DEBUG_INFORMATION_FORMAT = "dwarf-with-dsym";
				ENABLE_NS_ASSERTIONS = NO;
				ENABLE_STRICT_OBJC_MSGSEND = YES;
				GCC_C_LANGUAGE_STANDARD = gnu99;
				GCC_NO_COMMON_BLOCKS = YES;
				GCC_WARN_64_TO_32_BIT_CONVERSION = YES;
				GCC_WARN_ABOUT_RETURN_TYPE = YES_ERROR;
				GCC_WARN_UNDECLARED_SELECTOR = YES;
				GCC_WARN_UNINITIALIZED_AUTOS = YES_AGGRESSIVE;
				GCC_WARN_UNUSED_FUNCTION = YES;
				GCC_WARN_UNUSED_VARIABLE = YES;
				IPHONEOS_DEPLOYMENT_TARGET = 9.0;
				MTL_ENABLE_DEBUG_INFO = NO;
				SDKROOT = iphoneos;
				TARGETED_DEVICE_FAMILY = "1,2";
				VALIDATE_PRODUCT = YES;
			};
			name = Release;
		};
		6DCFBC141C05AA0D008B1EC0 /* Debug */ = {
			isa = XCBuildConfiguration;
			buildSettings = {
				ASSETCATALOG_COMPILER_APPICON_NAME = AppIcon;
				INFOPLIST_FILE = FondoPensione/Info.plist;
				LD_RUNPATH_SEARCH_PATHS = "$(inherited) @executable_path/Frameworks";
				PRODUCT_BUNDLE_IDENTIFIER = com.elpoedizioni.FondoPensione;
				PRODUCT_NAME = "$(TARGET_NAME)";
			};
			name = Debug;
		};
		6DCFBC151C05AA0D008B1EC0 /* Release */ = {
			isa = XCBuildConfiguration;
			buildSettings = {
				ASSETCATALOG_COMPILER_APPICON_NAME = AppIcon;
				INFOPLIST_FILE = FondoPensione/Info.plist;
				LD_RUNPATH_SEARCH_PATHS = "$(inherited) @executable_path/Frameworks";
				PRODUCT_BUNDLE_IDENTIFIER = com.elpoedizioni.FondoPensione;
				PRODUCT_NAME = "$(TARGET_NAME)";
			};
			name = Release;
		};
/* End XCBuildConfiguration section */

/* Begin XCConfigurationList section */
		6DCFBBF71C05AA0D008B1EC0 /* Build configuration list for PBXProject "FondoPensione" */ = {
			isa = XCConfigurationList;
			buildConfigurations = (
				6DCFBC111C05AA0D008B1EC0 /* Debug */,
				6DCFBC121C05AA0D008B1EC0 /* Release */,
			);
			defaultConfigurationIsVisible = 0;
			defaultConfigurationName = Release;
		};
		6DCFBC131C05AA0D008B1EC0 /* Build configuration list for PBXNativeTarget "FondoPensione" */ = {
			isa = XCConfigurationList;
			buildConfigurations = (
				6DCFBC141C05AA0D008B1EC0 /* Debug */,
				6DCFBC151C05AA0D008B1EC0 /* Release */,
			);
			defaultConfigurationIsVisible = 0;
		};
/* End XCConfigurationList section */
	};
	rootObject = 6DCFBBF41C05AA0D008B1EC0 /* Project object */;
}
